
Microsoft Visual Studio Solution File, Format Version 12.00
# Visual Studio Version 17
VisualStudioVersion = 17.2.32519.379
MinimumVisualStudioVersion = 10.0.40219.1
Project("{FAE04EC0-301F-11D3-BF4B-00C04F79EFBC}") = "GameArchive.Api", "GameArchive.Api\GameArchive.Api.csproj", "{DEA5230D-2534-4A0D-89F1-70C1BE4AA44C}"
EndProject
Global
	GlobalSection(SolutionConfigurationPlatforms) = preSolution
		Debug|Any CPU = Debug|Any CPU
		Release|Any CPU = Release|Any CPU
	EndGlobalSection
	GlobalSection(ProjectConfigurationPlatforms) = postSolution
		{DEA5230D-2534-4A0D-89F1-70C1BE4AA44C}.Debug|Any CPU.ActiveCfg = Debug|Any CPU
		{DEA5230D-2534-4A0D-89F1-70C1BE4AA44C}.Debug|Any CPU.Build.0 = Debug|Any CPU
		{DEA5230D-2534-4A0D-89F1-70C1BE4AA44C}.Release|Any CPU.ActiveCfg = Release|Any CPU
		{DEA5230D-2534-4A0D-89F1-70C1BE4AA44C}.Release|Any CPU.Build.0 = Release|Any CPU
	EndGlobalSection
	GlobalSection(SolutionProperties) = preSolution
		HideSolutionNode = FALSE
	EndGlobalSection
	GlobalSection(ExtensibilityGlobals) = postSolution
		SolutionGuid = {8271419D-6224-49D3-B408-A80233D4FBEC}
	EndGlobalSection
EndGlobal
